// !$*UTF8*$!
{
	archiveVersion = 1;
	classes = {
	};
	objectVersion = 56;
	objects = {

/* Begin PBXBuildFile section */
		ADA2A70A2A5FC1F200299EB6 /* AppDelegate.swift in Sources */ = {isa = PBXBuildFile; fileRef = ADA2A7092A5FC1F200299EB6 /* AppDelegate.swift */; };
		ADA2A70C2A5FC1F200299EB6 /* SceneDelegate.swift in Sources */ = {isa = PBXBuildFile; fileRef = ADA2A70B2A5FC1F200299EB6 /* SceneDelegate.swift */; };
		ADA2A70E2A5FC1F200299EB6 /* ListViewController.swift in Sources */ = {isa = PBXBuildFile; fileRef = ADA2A70D2A5FC1F200299EB6 /* ListViewController.swift */; };
		ADA2A7112A5FC1F200299EB6 /* Main.storyboard in Resources */ = {isa = PBXBuildFile; fileRef = ADA2A70F2A5FC1F200299EB6 /* Main.storyboard */; };
		ADA2A7132A5FC1F300299EB6 /* Assets.xcassets in Resources */ = {isa = PBXBuildFile; fileRef = ADA2A7122A5FC1F300299EB6 /* Assets.xcassets */; };
		ADA2A7162A5FC1F300299EB6 /* LaunchScreen.storyboard in Resources */ = {isa = PBXBuildFile; fileRef = ADA2A7142A5FC1F300299EB6 /* LaunchScreen.storyboard */; };
		ADA2A71E2A5FCAE500299EB6 /* MovieVO.swift in Sources */ = {isa = PBXBuildFile; fileRef = ADA2A71D2A5FCAE500299EB6 /* MovieVO.swift */; };
		ADA2A7202A5FCD3A00299EB6 /* MovieCell.swift in Sources */ = {isa = PBXBuildFile; fileRef = ADA2A71F2A5FCD3A00299EB6 /* MovieCell.swift */; };
/* End PBXBuildFile section */

/* Begin PBXFileReference section */
		ADA2A7062A5FC1F200299EB6 /* NetworkApi.app */ = {isa = PBXFileReference; explicitFileType = wrapper.application; includeInIndex = 0; path = NetworkApi.app; sourceTree = BUILT_PRODUCTS_DIR; };
		ADA2A7092A5FC1F200299EB6 /* AppDelegate.swift */ = {isa = PBXFileReference; lastKnownFileType = sourcecode.swift; path = AppDelegate.swift; sourceTree = "<group>"; };
		ADA2A70B2A5FC1F200299EB6 /* SceneDelegate.swift */ = {isa = PBXFileReference; lastKnownFileType = sourcecode.swift; path = SceneDelegate.swift; sourceTree = "<group>"; };
		ADA2A70D2A5FC1F200299EB6 /* ListViewController.swift */ = {isa = PBXFileReference; lastKnownFileType = sourcecode.swift; path = ListViewController.swift; sourceTree = "<group>"; };
		ADA2A7102A5FC1F200299EB6 /* Base */ = {isa = PBXFileReference; lastKnownFileType = file.storyboard; name = Base; path = Base.lproj/Main.storyboard; sourceTree = "<group>"; };
		ADA2A7122A5FC1F300299EB6 /* Assets.xcassets */ = {isa = PBXFileReference; lastKnownFileType = folder.assetcatalog; path = Assets.xcassets; sourceTree = "<group>"; };
		ADA2A7152A5FC1F300299EB6 /* Base */ = {isa = PBXFileReference; lastKnownFileType = file.storyboard; name = Base; path = Base.lproj/LaunchScreen.storyboard; sourceTree = "<group>"; };
		ADA2A7172A5FC1F300299EB6 /* Info.plist */ = {isa = PBXFileReference; lastKnownFileType = text.plist.xml; path = Info.plist; sourceTree = "<group>"; };
		ADA2A71D2A5FCAE500299EB6 /* MovieVO.swift */ = {isa = PBXFileReference; lastKnownFileType = sourcecode.swift; path = MovieVO.swift; sourceTree = "<group>"; };
		ADA2A71F2A5FCD3A00299EB6 /* MovieCell.swift */ = {isa = PBXFileReference; lastKnownFileType = sourcecode.swift; path = MovieCell.swift; sourceTree = "<group>"; };
/* End PBXFileReference section */

/* Begin PBXFrameworksBuildPhase section */
		ADA2A7032A5FC1F200299EB6 /* Frameworks */ = {
			isa = PBXFrameworksBuildPhase;
			buildActionMask = 2147483647;
			files = (
			);
			runOnlyForDeploymentPostprocessing = 0;
		};
/* End PBXFrameworksBuildPhase section */

/* Begin PBXGroup section */
		ADA2A6FD2A5FC1F200299EB6 = {
			isa = PBXGroup;
			children = (
				ADA2A7082A5FC1F200299EB6 /* NetworkApi */,
				ADA2A7072A5FC1F200299EB6 /* Products */,
			);
			sourceTree = "<group>";
		};
		ADA2A7072A5FC1F200299EB6 /* Products */ = {
			isa = PBXGroup;
			children = (
				ADA2A7062A5FC1F200299EB6 /* NetworkApi.app */,
			);
			name = Products;
			sourceTree = "<group>";
		};
		ADA2A7082A5FC1F200299EB6 /* NetworkApi */ = {
			isa = PBXGroup;
			children = (
				ADA2A7092A5FC1F200299EB6 /* AppDelegate.swift */,
				ADA2A70B2A5FC1F200299EB6 /* SceneDelegate.swift */,
				ADA2A70D2A5FC1F200299EB6 /* ListViewController.swift */,
				ADA2A71D2A5FCAE500299EB6 /* MovieVO.swift */,
				ADA2A70F2A5FC1F200299EB6 /* Main.storyboard */,
				ADA2A71F2A5FCD3A00299EB6 /* MovieCell.swift */,
				ADA2A7122A5FC1F300299EB6 /* Assets.xcassets */,
				ADA2A7142A5FC1F300299EB6 /* LaunchScreen.storyboard */,
				ADA2A7172A5FC1F300299EB6 /* Info.plist */,
			);
			path = NetworkApi;
			sourceTree = "<group>";
		};
/* End PBXGroup section */

/* Begin PBXNativeTarget section */
		ADA2A7052A5FC1F200299EB6 /* NetworkApi */ = {
			isa = PBXNativeTarget;
			buildConfigurationList = ADA2A71A2A5FC1F300299EB6 /* Build configuration list for PBXNativeTarget "NetworkApi" */;
			buildPhases = (
				ADA2A7022A5FC1F200299EB6 /* Sources */,
				ADA2A7032A5FC1F200299EB6 /* Frameworks */,
				ADA2A7042A5FC1F200299EB6 /* Resources */,
			);
			buildRules = (
			);
			dependencies = (
			);
			name = NetworkApi;
			productName = NetworkApi;
			productReference = ADA2A7062A5FC1F200299EB6 /* NetworkApi.app */;
			productType = "com.apple.product-type.application";
		};
/* End PBXNativeTarget section */

/* Begin PBXProject section */
		ADA2A6FE2A5FC1F200299EB6 /* Project object */ = {
			isa = PBXProject;
			attributes = {
				BuildIndependentTargetsInParallel = 1;
				LastSwiftUpdateCheck = 1430;
				LastUpgradeCheck = 1430;
				TargetAttributes = {
					ADA2A7052A5FC1F200299EB6 = {
						CreatedOnToolsVersion = 14.3.1;
					};
				};
			};
			buildConfigurationList = ADA2A7012A5FC1F200299EB6 /* Build configuration list for PBXProject "NetworkApi" */;
			compatibilityVersion = "Xcode 14.0";
			developmentRegion = en;
			hasScannedForEncodings = 0;
			knownRegions = (
				en,
				Base,
			);
			mainGroup = ADA2A6FD2A5FC1F200299EB6;
			productRefGroup = ADA2A7072A5FC1F200299EB6 /* Products */;
			projectDirPath = "";
			projectRoot = "";
			targets = (
				ADA2A7052A5FC1F200299EB6 /* NetworkApi */,
			);
		};
/* End PBXProject section */

/* Begin PBXResourcesBuildPhase section */
		ADA2A7042A5FC1F200299EB6 /* Resources */ = {
			isa = PBXResourcesBuildPhase;
			buildActionMask = 2147483647;
			files = (
				ADA2A7162A5FC1F300299EB6 /* LaunchScreen.storyboard in Resources */,
				ADA2A7132A5FC1F300299EB6 /* Assets.xcassets in Resources */,
				ADA2A7112A5FC1F200299EB6 /* Main.storyboard in Resources */,
			);
			runOnlyForDeploymentPostprocessing = 0;
		};
/* End PBXResourcesBuildPhase section */

/* Begin PBXSourcesBuildPhase section */
		ADA2A7022A5FC1F200299EB6 /* Sources */ = {
			isa = PBXSourcesBuildPhase;
			buildActionMask = 2147483647;
			files = (
				ADA2A70E2A5FC1F200299EB6 /* ListViewController.swift in Sources */,
				ADA2A71E2A5FCAE500299EB6 /* MovieVO.swift in Sources */,
				ADA2A70A2A5FC1F200299EB6 /* AppDelegate.swift in Sources */,
				ADA2A7202A5FCD3A00299EB6 /* MovieCell.swift in Sources */,
				ADA2A70C2A5FC1F200299EB6 /* SceneDelegate.swift in Sources */,
			);
			runOnlyForDeploymentPostprocessing = 0;
		};
/* End PBXSourcesBuildPhase section */

/* Begin PBXVariantGroup section */
		ADA2A70F2A5FC1F200299EB6 /* Main.storyboard */ = {
			isa = PBXVariantGroup;
			children = (
				ADA2A7102A5FC1F200299EB6 /* Base */,
			);
			name = Main.storyboard;
			sourceTree = "<group>";
		};
		ADA2A7142A5FC1F300299EB6 /* LaunchScreen.storyboard */ = {
			isa = PBXVariantGroup;
			children = (
				ADA2A7152A5FC1F300299EB6 /* Base */,
			);
			name = LaunchScreen.storyboard;
			sourceTree = "<group>";
		};
/* End PBXVariantGroup section */

/* Begin XCBuildConfiguration section */
		ADA2A7182A5FC1F300299EB6 /* Debug */ = {
			isa = XCBuildConfiguration;
			buildSettings = {
				ALWAYS_SEARCH_USER_PATHS = NO;
				CLANG_ANALYZER_NONNULL = YES;
				CLANG_ANALYZER_NUMBER_OBJECT_CONVERSION = YES_AGGRESSIVE;
				CLANG_CXX_LANGUAGE_STANDARD = "gnu++20";
				CLANG_ENABLE_MODULES = YES;
				CLANG_ENABLE_OBJC_ARC = YES;
				CLANG_ENABLE_OBJC_WEAK = YES;
				CLANG_WARN_BLOCK_CAPTURE_AUTORELEASING = YES;
				CLANG_WARN_BOOL_CONVERSION = YES;
				CLANG_WARN_COMMA = YES;
				CLANG_WARN_CONSTANT_CONVERSION = YES;
				CLANG_WARN_DEPRECATED_OBJC_IMPLEMENTATIONS = YES;
				CLANG_WARN_DIRECT_OBJC_ISA_USAGE = YES_ERROR;
				CLANG_WARN_DOCUMENTATION_COMMENTS = YES;
				CLANG_WARN_EMPTY_BODY = YES;
				CLANG_WARN_ENUM_CONVERSION = YES;
				CLANG_WARN_INFINITE_RECURSION = YES;
				CLANG_WARN_INT_CONVERSION = YES;
				CLANG_WARN_NON_LITERAL_NULL_CONVERSION = YES;
				CLANG_WARN_OBJC_IMPLICIT_RETAIN_SELF = YES;
				CLANG_WARN_OBJC_LITERAL_CONVERSION = YES;
				CLANG_WARN_OBJC_ROOT_CLASS = YES_ERROR;
				CLANG_WARN_QUOTED_INCLUDE_IN_FRAMEWORK_HEADER = YES;
				CLANG_WARN_RANGE_LOOP_ANALYSIS = YES;
				CLANG_WARN_STRICT_PROTOTYPES = YES;
				CLANG_WARN_SUSPICIOUS_MOVE = YES;
				CLANG_WARN_UNGUARDED_AVAILABILITY = YES_AGGRESSIVE;
				CLANG_WARN_UNREACHABLE_CODE = YES;
				CLANG_WARN__DUPLICATE_METHOD_MATCH = YES;
				COPY_PHASE_STRIP = NO;
				DEBUG_INFORMATION_FORMAT = dwarf;
				ENABLE_STRICT_OBJC_MSGSEND = YES;
				ENABLE_TESTABILITY = YES;
				GCC_C_LANGUAGE_STANDARD = gnu11;
				GCC_DYNAMIC_NO_PIC = NO;
				GCC_NO_COMMON_BLOCKS = YES;
				GCC_OPTIMIZATION_LEVEL = 0;
				GCC_PREPROCESSOR_DEFINITIONS = (
					"DEBUG=1",
					"$(inherited)",
				);
				GCC_WARN_64_TO_32_BIT_CONVERSION = YES;
				GCC_WARN_ABOUT_RETURN_TYPE = YES_ERROR;
				GCC_WARN_UNDECLARED_SELECTOR = YES;
				GCC_WARN_UNINITIALIZED_AUTOS = YES_AGGRESSIVE;
				GCC_WARN_UNUSED_FUNCTION = YES;
				GCC_WARN_UNUSED_VARIABLE = YES;
				IPHONEOS_DEPLOYMENT_TARGET = 16.4;
				MTL_ENABLE_DEBUG_INFO = INCLUDE_SOURCE;
				MTL_FAST_MATH = YES;
				ONLY_ACTIVE_ARCH = YES;
				SDKROOT = iphoneos;
				SWIFT_ACTIVE_COMPILATION_CONDITIONS = DEBUG;
				SWIFT_OPTIMIZATION_LEVEL = "-Onone";
			};
			name = Debug;
		};
		ADA2A7192A5FC1F300299EB6 /* Release */ = {
			isa = XCBuildConfiguration;
			buildSettings = {
				ALWAYS_SEARCH_USER_PATHS = NO;
				CLANG_ANALYZER_NONNULL = YES;
				CLANG_ANALYZER_NUMBER_OBJECT_CONVERSION = YES_AGGRESSIVE;
				CLANG_CXX_LANGUAGE_STANDARD = "gnu++20";
				CLANG_ENABLE_MODULES = YES;
				CLANG_ENABLE_OBJC_ARC = YES;
				CLANG_ENABLE_OBJC_WEAK = YES;
				CLANG_WARN_BLOCK_CAPTURE_AUTORELEASING = YES;
				CLANG_WARN_BOOL_CONVERSION = YES;
				CLANG_WARN_COMMA = YES;
				CLANG_WARN_CONSTANT_CONVERSION = YES;
				CLANG_WARN_DEPRECATED_OBJC_IMPLEMENTATIONS = YES;
				CLANG_WARN_DIRECT_OBJC_ISA_USAGE = YES_ERROR;
				CLANG_WARN_DOCUMENTATION_COMMENTS = YES;
				CLANG_WARN_EMPTY_BODY = YES;
				CLANG_WARN_ENUM_CONVERSION = YES;
				CLANG_WARN_INFINITE_RECURSION = YES;
				CLANG_WARN_INT_CONVERSION = YES;
				CLANG_WARN_NON_LITERAL_NULL_CONVERSION = YES;
				CLANG_WARN_OBJC_IMPLICIT_RETAIN_SELF = YES;
				CLANG_WARN_OBJC_LITERAL_CONVERSION = YES;
				CLANG_WARN_OBJC_ROOT_CLASS = YES_ERROR;
				CLANG_WARN_QUOTED_INCLUDE_IN_FRAMEWORK_HEADER = YES;
				CLANG_WARN_RANGE_LOOP_ANALYSIS = YES;
				CLANG_WARN_STRICT_PROTOTYPES = YES;
				CLANG_WARN_SUSPICIOUS_MOVE = YES;
				CLANG_WARN_UNGUARDED_AVAILABILITY = YES_AGGRESSIVE;
				CLANG_WARN_UNREACHABLE_CODE = YES;
				CLANG_WARN__DUPLICATE_METHOD_MATCH = YES;
				COPY_PHASE_STRIP = NO;
				DEBUG_INFORMATION_FORMAT = "dwarf-with-dsym";
				ENABLE_NS_ASSERTIONS = NO;
				ENABLE_STRICT_OBJC_MSGSEND = YES;
				GCC_C_LANGUAGE_STANDARD = gnu11;
				GCC_NO_COMMON_BLOCKS = YES;
				GCC_WARN_64_TO_32_BIT_CONVERSION = YES;
				GCC_WARN_ABOUT_RETURN_TYPE = YES_ERROR;
				GCC_WARN_UNDECLARED_SELECTOR = YES;
				GCC_WARN_UNINITIALIZED_AUTOS = YES_AGGRESSIVE;
				GCC_WARN_UNUSED_FUNCTION = YES;
				GCC_WARN_UNUSED_VARIABLE = YES;
				IPHONEOS_DEPLOYMENT_TARGET = 16.4;
				MTL_ENABLE_DEBUG_INFO = NO;
				MTL_FAST_MATH = YES;
				SDKROOT = iphoneos;
				SWIFT_COMPILATION_MODE = wholemodule;
				SWIFT_OPTIMIZATION_LEVEL = "-O";
				VALIDATE_PRODUCT = YES;
			};
			name = Release;
		};
		ADA2A71B2A5FC1F300299EB6 /* Debug */ = {
			isa = XCBuildConfiguration;
			buildSettings = {
				ASSETCATALOG_COMPILER_APPICON_NAME = AppIcon;
				ASSETCATALOG_COMPILER_GLOBAL_ACCENT_COLOR_NAME = AccentColor;
				CODE_SIGN_STYLE = Automatic;
				CURRENT_PROJECT_VERSION = 1;
				DEVELOPMENT_TEAM = 583985W8L5;
				GENERATE_INFOPLIST_FILE = YES;
				INFOPLIST_FILE = NetworkApi/Info.plist;
				INFOPLIST_KEY_UIApplicationSupportsIndirectInputEvents = YES;
				INFOPLIST_KEY_UILaunchStoryboardName = LaunchScreen;
				INFOPLIST_KEY_UIMainStoryboardFile = Main;
				INFOPLIST_KEY_UISupportedInterfaceOrientations_iPad = "UIInterfaceOrientationPortrait UIInterfaceOrientationPortraitUpsideDown UIInterfaceOrientationLandscapeLeft UIInterfaceOrientationLandscapeRight";
				INFOPLIST_KEY_UISupportedInterfaceOrientations_iPhone = "UIInterfaceOrientationPortrait UIInterfaceOrientationLandscapeLeft UIInterfaceOrientationLandscapeRight";
				LD_RUNPATH_SEARCH_PATHS = (
					"$(inherited)",
					"@executable_path/Frameworks",
				);
				MARKETING_VERSION = 1.0;
				PRODUCT_BUNDLE_IDENTIFIER = com.keymaker.NetworkApi;
				PRODUCT_NAME = "$(TARGET_NAME)";
				SWIFT_EMIT_LOC_STRINGS = YES;
				SWIFT_VERSION = 5.0;
				TARGETED_DEVICE_FAMILY = "1,2";
			};
			name = Debug;
		};
		ADA2A71C2A5FC1F300299EB6 /* Release */ = {
			isa = XCBuildConfiguration;
			buildSettings = {
				ASSETCATALOG_COMPILER_APPICON_NAME = AppIcon;
				ASSETCATALOG_COMPILER_GLOBAL_ACCENT_COLOR_NAME = AccentColor;
				CODE_SIGN_STYLE = Automatic;
				CURRENT_PROJECT_VERSION = 1;
				DEVELOPMENT_TEAM = 583985W8L5;
				GENERATE_INFOPLIST_FILE = YES;
				INFOPLIST_FILE = NetworkApi/Info.plist;
				INFOPLIST_KEY_UIApplicationSupportsIndirectInputEvents = YES;
				INFOPLIST_KEY_UILaunchStoryboardName = LaunchScreen;
				INFOPLIST_KEY_UIMainStoryboardFile = Main;
				INFOPLIST_KEY_UISupportedInterfaceOrientations_iPad = "UIInterfaceOrientationPortrait UIInterfaceOrientationPortraitUpsideDown UIInterfaceOrientationLandscapeLeft UIInterfaceOrientationLandscapeRight";
				INFOPLIST_KEY_UISupportedInterfaceOrientations_iPhone = "UIInterfaceOrientationPortrait UIInterfaceOrientationLandscapeLeft UIInterfaceOrientationLandscapeRight";
				LD_RUNPATH_SEARCH_PATHS = (
					"$(inherited)",
					"@executable_path/Frameworks",
				);
				MARKETING_VERSION = 1.0;
				PRODUCT_BUNDLE_IDENTIFIER = com.keymaker.NetworkApi;
				PRODUCT_NAME = "$(TARGET_NAME)";
				SWIFT_EMIT_LOC_STRINGS = YES;
				SWIFT_VERSION = 5.0;
				TARGETED_DEVICE_FAMILY = "1,2";
			};
			name = Release;
		};
/* End XCBuildConfiguration section */

/* Begin XCConfigurationList section */
		ADA2A7012A5FC1F200299EB6 /* Build configuration list for PBXProject "NetworkApi" */ = {
			isa = XCConfigurationList;
			buildConfigurations = (
				ADA2A7182A5FC1F300299EB6 /* Debug */,
				ADA2A7192A5FC1F300299EB6 /* Release */,
			);
			defaultConfigurationIsVisible = 0;
			defaultConfigurationName = Release;
		};
		ADA2A71A2A5FC1F300299EB6 /* Build configuration list for PBXNativeTarget "NetworkApi" */ = {
			isa = XCConfigurationList;
			buildConfigurations = (
				ADA2A71B2A5FC1F300299EB6 /* Debug */,
				ADA2A71C2A5FC1F300299EB6 /* Release */,
			);
			defaultConfigurationIsVisible = 0;
			defaultConfigurationName = Release;
		};
/* End XCConfigurationList section */
	};
	rootObject = ADA2A6FE2A5FC1F200299EB6 /* Project object */;
}
