// !$*UTF8*$!
{
	archiveVersion = 1;
	classes = {
	};
	objectVersion = 56;
	objects = {

/* Begin PBXBuildFile section */
		AD89DB432A5E670400661DB6 /* MovieVO.swift in Sources */ = {isa = PBXBuildFile; fileRef = AD89DB422A5E670400661DB6 /* MovieVO.swift */; };
		AD89DB452A5E78CD00661DB6 /* MoviewCell.swift in Sources */ = {isa = PBXBuildFile; fileRef = AD89DB442A5E78CD00661DB6 /* MoviewCell.swift */; };
		AD89DB4A2A5E7C1B00661DB6 /* darknight.jpg in Resources */ = {isa = PBXBuildFile; fileRef = AD89DB472A5E7C1A00661DB6 /* darknight.jpg */; };
		AD89DB4B2A5E7C1B00661DB6 /* rain.jpg in Resources */ = {isa = PBXBuildFile; fileRef = AD89DB482A5E7C1A00661DB6 /* rain.jpg */; };
		AD89DB4C2A5E7C1B00661DB6 /* secret.jpg in Resources */ = {isa = PBXBuildFile; fileRef = AD89DB492A5E7C1B00661DB6 /* secret.jpg */; };
		ADA40EAD2A5D3E7300896FF5 /* AppDelegate.swift in Sources */ = {isa = PBXBuildFile; fileRef = ADA40EAC2A5D3E7300896FF5 /* AppDelegate.swift */; };
		ADA40EAF2A5D3E7300896FF5 /* SceneDelegate.swift in Sources */ = {isa = PBXBuildFile; fileRef = ADA40EAE2A5D3E7300896FF5 /* SceneDelegate.swift */; };
		ADA40EB12A5D3E7300896FF5 /* ViewController.swift in Sources */ = {isa = PBXBuildFile; fileRef = ADA40EB02A5D3E7300896FF5 /* ViewController.swift */; };
		ADA40EB42A5D3E7300896FF5 /* Main.storyboard in Resources */ = {isa = PBXBuildFile; fileRef = ADA40EB22A5D3E7300896FF5 /* Main.storyboard */; };
		ADA40EB62A5D3E7400896FF5 /* Assets.xcassets in Resources */ = {isa = PBXBuildFile; fileRef = ADA40EB52A5D3E7400896FF5 /* Assets.xcassets */; };
		ADA40EB92A5D3E7400896FF5 /* LaunchScreen.storyboard in Resources */ = {isa = PBXBuildFile; fileRef = ADA40EB72A5D3E7400896FF5 /* LaunchScreen.storyboard */; };
		ADA40EC12A5D4F9800896FF5 /* ListViewController.swift in Sources */ = {isa = PBXBuildFile; fileRef = ADA40EC02A5D4F9800896FF5 /* ListViewController.swift */; };
/* End PBXBuildFile section */

/* Begin PBXFileReference section */
		AD89DB422A5E670400661DB6 /* MovieVO.swift */ = {isa = PBXFileReference; lastKnownFileType = sourcecode.swift; path = MovieVO.swift; sourceTree = "<group>"; };
		AD89DB442A5E78CD00661DB6 /* MoviewCell.swift */ = {isa = PBXFileReference; lastKnownFileType = sourcecode.swift; path = MoviewCell.swift; sourceTree = "<group>"; };
		AD89DB472A5E7C1A00661DB6 /* darknight.jpg */ = {isa = PBXFileReference; lastKnownFileType = image.jpeg; path = darknight.jpg; sourceTree = "<group>"; };
		AD89DB482A5E7C1A00661DB6 /* rain.jpg */ = {isa = PBXFileReference; lastKnownFileType = image.jpeg; path = rain.jpg; sourceTree = "<group>"; };
		AD89DB492A5E7C1B00661DB6 /* secret.jpg */ = {isa = PBXFileReference; lastKnownFileType = image.jpeg; path = secret.jpg; sourceTree = "<group>"; };
		ADA40EA92A5D3E7300896FF5 /* MyMovieChart.app */ = {isa = PBXFileReference; explicitFileType = wrapper.application; includeInIndex = 0; path = MyMovieChart.app; sourceTree = BUILT_PRODUCTS_DIR; };
		ADA40EAC2A5D3E7300896FF5 /* AppDelegate.swift */ = {isa = PBXFileReference; lastKnownFileType = sourcecode.swift; path = AppDelegate.swift; sourceTree = "<group>"; };
		ADA40EAE2A5D3E7300896FF5 /* SceneDelegate.swift */ = {isa = PBXFileReference; lastKnownFileType = sourcecode.swift; path = SceneDelegate.swift; sourceTree = "<group>"; };
		ADA40EB02A5D3E7300896FF5 /* ViewController.swift */ = {isa = PBXFileReference; lastKnownFileType = sourcecode.swift; path = ViewController.swift; sourceTree = "<group>"; };
		ADA40EB32A5D3E7300896FF5 /* Base */ = {isa = PBXFileReference; lastKnownFileType = file.storyboard; name = Base; path = Base.lproj/Main.storyboard; sourceTree = "<group>"; };
		ADA40EB52A5D3E7400896FF5 /* Assets.xcassets */ = {isa = PBXFileReference; lastKnownFileType = folder.assetcatalog; path = Assets.xcassets; sourceTree = "<group>"; };
		ADA40EB82A5D3E7400896FF5 /* Base */ = {isa = PBXFileReference; lastKnownFileType = file.storyboard; name = Base; path = Base.lproj/LaunchScreen.storyboard; sourceTree = "<group>"; };
		ADA40EBA2A5D3E7400896FF5 /* Info.plist */ = {isa = PBXFileReference; lastKnownFileType = text.plist.xml; path = Info.plist; sourceTree = "<group>"; };
		ADA40EC02A5D4F9800896FF5 /* ListViewController.swift */ = {isa = PBXFileReference; lastKnownFileType = sourcecode.swift; path = ListViewController.swift; sourceTree = "<group>"; };
/* End PBXFileReference section */

/* Begin PBXFrameworksBuildPhase section */
		ADA40EA62A5D3E7300896FF5 /* Frameworks */ = {
			isa = PBXFrameworksBuildPhase;
			buildActionMask = 2147483647;
			files = (
			);
			runOnlyForDeploymentPostprocessing = 0;
		};
/* End PBXFrameworksBuildPhase section */

/* Begin PBXGroup section */
		AD89DB462A5E7B3800661DB6 /* resources */ = {
			isa = PBXGroup;
			children = (
				AD89DB472A5E7C1A00661DB6 /* darknight.jpg */,
				AD89DB482A5E7C1A00661DB6 /* rain.jpg */,
				AD89DB492A5E7C1B00661DB6 /* secret.jpg */,
			);
			path = resources;
			sourceTree = "<group>";
		};
		ADA40EA02A5D3E7300896FF5 = {
			isa = PBXGroup;
			children = (
				AD89DB462A5E7B3800661DB6 /* resources */,
				ADA40EAB2A5D3E7300896FF5 /* MyMovieChart */,
				ADA40EAA2A5D3E7300896FF5 /* Products */,
			);
			sourceTree = "<group>";
		};
		ADA40EAA2A5D3E7300896FF5 /* Products */ = {
			isa = PBXGroup;
			children = (
				ADA40EA92A5D3E7300896FF5 /* MyMovieChart.app */,
			);
			name = Products;
			sourceTree = "<group>";
		};
		ADA40EAB2A5D3E7300896FF5 /* MyMovieChart */ = {
			isa = PBXGroup;
			children = (
				ADA40EAC2A5D3E7300896FF5 /* AppDelegate.swift */,
				ADA40EAE2A5D3E7300896FF5 /* SceneDelegate.swift */,
				ADA40EB02A5D3E7300896FF5 /* ViewController.swift */,
				ADA40EC02A5D4F9800896FF5 /* ListViewController.swift */,
				AD89DB442A5E78CD00661DB6 /* MoviewCell.swift */,
				ADA40EB22A5D3E7300896FF5 /* Main.storyboard */,
				AD89DB422A5E670400661DB6 /* MovieVO.swift */,
				ADA40EB52A5D3E7400896FF5 /* Assets.xcassets */,
				ADA40EB72A5D3E7400896FF5 /* LaunchScreen.storyboard */,
				ADA40EBA2A5D3E7400896FF5 /* Info.plist */,
			);
			path = MyMovieChart;
			sourceTree = "<group>";
		};
/* End PBXGroup section */

/* Begin PBXNativeTarget section */
		ADA40EA82A5D3E7300896FF5 /* MyMovieChart */ = {
			isa = PBXNativeTarget;
			buildConfigurationList = ADA40EBD2A5D3E7400896FF5 /* Build configuration list for PBXNativeTarget "MyMovieChart" */;
			buildPhases = (
				ADA40EA52A5D3E7300896FF5 /* Sources */,
				ADA40EA62A5D3E7300896FF5 /* Frameworks */,
				ADA40EA72A5D3E7300896FF5 /* Resources */,
			);
			buildRules = (
			);
			dependencies = (
			);
			name = MyMovieChart;
			productName = MyMovieChart;
			productReference = ADA40EA92A5D3E7300896FF5 /* MyMovieChart.app */;
			productType = "com.apple.product-type.application";
		};
/* End PBXNativeTarget section */

/* Begin PBXProject section */
		ADA40EA12A5D3E7300896FF5 /* Project object */ = {
			isa = PBXProject;
			attributes = {
				BuildIndependentTargetsInParallel = 1;
				LastSwiftUpdateCheck = 1430;
				LastUpgradeCheck = 1430;
				TargetAttributes = {
					ADA40EA82A5D3E7300896FF5 = {
						CreatedOnToolsVersion = 14.3.1;
					};
				};
			};
			buildConfigurationList = ADA40EA42A5D3E7300896FF5 /* Build configuration list for PBXProject "MyMovieChart" */;
			compatibilityVersion = "Xcode 14.0";
			developmentRegion = en;
			hasScannedForEncodings = 0;
			knownRegions = (
				en,
				Base,
			);
			mainGroup = ADA40EA02A5D3E7300896FF5;
			productRefGroup = ADA40EAA2A5D3E7300896FF5 /* Products */;
			projectDirPath = "";
			projectRoot = "";
			targets = (
				ADA40EA82A5D3E7300896FF5 /* MyMovieChart */,
			);
		};
/* End PBXProject section */

/* Begin PBXResourcesBuildPhase section */
		ADA40EA72A5D3E7300896FF5 /* Resources */ = {
			isa = PBXResourcesBuildPhase;
			buildActionMask = 2147483647;
			files = (
				AD89DB4A2A5E7C1B00661DB6 /* darknight.jpg in Resources */,
				AD89DB4C2A5E7C1B00661DB6 /* secret.jpg in Resources */,
				AD89DB4B2A5E7C1B00661DB6 /* rain.jpg in Resources */,
				ADA40EB92A5D3E7400896FF5 /* LaunchScreen.storyboard in Resources */,
				ADA40EB62A5D3E7400896FF5 /* Assets.xcassets in Resources */,
				ADA40EB42A5D3E7300896FF5 /* Main.storyboard in Resources */,
			);
			runOnlyForDeploymentPostprocessing = 0;
		};
/* End PBXResourcesBuildPhase section */

/* Begin PBXSourcesBuildPhase section */
		ADA40EA52A5D3E7300896FF5 /* Sources */ = {
			isa = PBXSourcesBuildPhase;
			buildActionMask = 2147483647;
			files = (
				ADA40EB12A5D3E7300896FF5 /* ViewController.swift in Sources */,
				ADA40EAD2A5D3E7300896FF5 /* AppDelegate.swift in Sources */,
				ADA40EC12A5D4F9800896FF5 /* ListViewController.swift in Sources */,
				ADA40EAF2A5D3E7300896FF5 /* SceneDelegate.swift in Sources */,
				AD89DB452A5E78CD00661DB6 /* MoviewCell.swift in Sources */,
				AD89DB432A5E670400661DB6 /* MovieVO.swift in Sources */,
			);
			runOnlyForDeploymentPostprocessing = 0;
		};
/* End PBXSourcesBuildPhase section */

/* Begin PBXVariantGroup section */
		ADA40EB22A5D3E7300896FF5 /* Main.storyboard */ = {
			isa = PBXVariantGroup;
			children = (
				ADA40EB32A5D3E7300896FF5 /* Base */,
			);
			name = Main.storyboard;
			sourceTree = "<group>";
		};
		ADA40EB72A5D3E7400896FF5 /* LaunchScreen.storyboard */ = {
			isa = PBXVariantGroup;
			children = (
				ADA40EB82A5D3E7400896FF5 /* Base */,
			);
			name = LaunchScreen.storyboard;
			sourceTree = "<group>";
		};
/* End PBXVariantGroup section */

/* Begin XCBuildConfiguration section */
		ADA40EBB2A5D3E7400896FF5 /* Debug */ = {
			isa = XCBuildConfiguration;
			buildSettings = {
				ALWAYS_SEARCH_USER_PATHS = NO;
				CLANG_ANALYZER_NONNULL = YES;
				CLANG_ANALYZER_NUMBER_OBJECT_CONVERSION = YES_AGGRESSIVE;
				CLANG_CXX_LANGUAGE_STANDARD = "gnu++20";
				CLANG_ENABLE_MODULES = YES;
				CLANG_ENABLE_OBJC_ARC = YES;
				CLANG_ENABLE_OBJC_WEAK = YES;
				CLANG_WARN_BLOCK_CAPTURE_AUTORELEASING = YES;
				CLANG_WARN_BOOL_CONVERSION = YES;
				CLANG_WARN_COMMA = YES;
				CLANG_WARN_CONSTANT_CONVERSION = YES;
				CLANG_WARN_DEPRECATED_OBJC_IMPLEMENTATIONS = YES;
				CLANG_WARN_DIRECT_OBJC_ISA_USAGE = YES_ERROR;
				CLANG_WARN_DOCUMENTATION_COMMENTS = YES;
				CLANG_WARN_EMPTY_BODY = YES;
				CLANG_WARN_ENUM_CONVERSION = YES;
				CLANG_WARN_INFINITE_RECURSION = YES;
				CLANG_WARN_INT_CONVERSION = YES;
				CLANG_WARN_NON_LITERAL_NULL_CONVERSION = YES;
				CLANG_WARN_OBJC_IMPLICIT_RETAIN_SELF = YES;
				CLANG_WARN_OBJC_LITERAL_CONVERSION = YES;
				CLANG_WARN_OBJC_ROOT_CLASS = YES_ERROR;
				CLANG_WARN_QUOTED_INCLUDE_IN_FRAMEWORK_HEADER = YES;
				CLANG_WARN_RANGE_LOOP_ANALYSIS = YES;
				CLANG_WARN_STRICT_PROTOTYPES = YES;
				CLANG_WARN_SUSPICIOUS_MOVE = YES;
				CLANG_WARN_UNGUARDED_AVAILABILITY = YES_AGGRESSIVE;
				CLANG_WARN_UNREACHABLE_CODE = YES;
				CLANG_WARN__DUPLICATE_METHOD_MATCH = YES;
				COPY_PHASE_STRIP = NO;
				DEBUG_INFORMATION_FORMAT = dwarf;
				ENABLE_STRICT_OBJC_MSGSEND = YES;
				ENABLE_TESTABILITY = YES;
				GCC_C_LANGUAGE_STANDARD = gnu11;
				GCC_DYNAMIC_NO_PIC = NO;
				GCC_NO_COMMON_BLOCKS = YES;
				GCC_OPTIMIZATION_LEVEL = 0;
				GCC_PREPROCESSOR_DEFINITIONS = (
					"DEBUG=1",
					"$(inherited)",
				);
				GCC_WARN_64_TO_32_BIT_CONVERSION = YES;
				GCC_WARN_ABOUT_RETURN_TYPE = YES_ERROR;
				GCC_WARN_UNDECLARED_SELECTOR = YES;
				GCC_WARN_UNINITIALIZED_AUTOS = YES_AGGRESSIVE;
				GCC_WARN_UNUSED_FUNCTION = YES;
				GCC_WARN_UNUSED_VARIABLE = YES;
				IPHONEOS_DEPLOYMENT_TARGET = 16.4;
				MTL_ENABLE_DEBUG_INFO = INCLUDE_SOURCE;
				MTL_FAST_MATH = YES;
				ONLY_ACTIVE_ARCH = YES;
				SDKROOT = iphoneos;
				SWIFT_ACTIVE_COMPILATION_CONDITIONS = DEBUG;
				SWIFT_OPTIMIZATION_LEVEL = "-Onone";
			};
			name = Debug;
		};
		ADA40EBC2A5D3E7400896FF5 /* Release */ = {
			isa = XCBuildConfiguration;
			buildSettings = {
				ALWAYS_SEARCH_USER_PATHS = NO;
				CLANG_ANALYZER_NONNULL = YES;
				CLANG_ANALYZER_NUMBER_OBJECT_CONVERSION = YES_AGGRESSIVE;
				CLANG_CXX_LANGUAGE_STANDARD = "gnu++20";
				CLANG_ENABLE_MODULES = YES;
				CLANG_ENABLE_OBJC_ARC = YES;
				CLANG_ENABLE_OBJC_WEAK = YES;
				CLANG_WARN_BLOCK_CAPTURE_AUTORELEASING = YES;
				CLANG_WARN_BOOL_CONVERSION = YES;
				CLANG_WARN_COMMA = YES;
				CLANG_WARN_CONSTANT_CONVERSION = YES;
				CLANG_WARN_DEPRECATED_OBJC_IMPLEMENTATIONS = YES;
				CLANG_WARN_DIRECT_OBJC_ISA_USAGE = YES_ERROR;
				CLANG_WARN_DOCUMENTATION_COMMENTS = YES;
				CLANG_WARN_EMPTY_BODY = YES;
				CLANG_WARN_ENUM_CONVERSION = YES;
				CLANG_WARN_INFINITE_RECURSION = YES;
				CLANG_WARN_INT_CONVERSION = YES;
				CLANG_WARN_NON_LITERAL_NULL_CONVERSION = YES;
				CLANG_WARN_OBJC_IMPLICIT_RETAIN_SELF = YES;
				CLANG_WARN_OBJC_LITERAL_CONVERSION = YES;
				CLANG_WARN_OBJC_ROOT_CLASS = YES_ERROR;
				CLANG_WARN_QUOTED_INCLUDE_IN_FRAMEWORK_HEADER = YES;
				CLANG_WARN_RANGE_LOOP_ANALYSIS = YES;
				CLANG_WARN_STRICT_PROTOTYPES = YES;
				CLANG_WARN_SUSPICIOUS_MOVE = YES;
				CLANG_WARN_UNGUARDED_AVAILABILITY = YES_AGGRESSIVE;
				CLANG_WARN_UNREACHABLE_CODE = YES;
				CLANG_WARN__DUPLICATE_METHOD_MATCH = YES;
				COPY_PHASE_STRIP = NO;
				DEBUG_INFORMATION_FORMAT = "dwarf-with-dsym";
				ENABLE_NS_ASSERTIONS = NO;
				ENABLE_STRICT_OBJC_MSGSEND = YES;
				GCC_C_LANGUAGE_STANDARD = gnu11;
				GCC_NO_COMMON_BLOCKS = YES;
				GCC_WARN_64_TO_32_BIT_CONVERSION = YES;
				GCC_WARN_ABOUT_RETURN_TYPE = YES_ERROR;
				GCC_WARN_UNDECLARED_SELECTOR = YES;
				GCC_WARN_UNINITIALIZED_AUTOS = YES_AGGRESSIVE;
				GCC_WARN_UNUSED_FUNCTION = YES;
				GCC_WARN_UNUSED_VARIABLE = YES;
				IPHONEOS_DEPLOYMENT_TARGET = 16.4;
				MTL_ENABLE_DEBUG_INFO = NO;
				MTL_FAST_MATH = YES;
				SDKROOT = iphoneos;
				SWIFT_COMPILATION_MODE = wholemodule;
				SWIFT_OPTIMIZATION_LEVEL = "-O";
				VALIDATE_PRODUCT = YES;
			};
			name = Release;
		};
		ADA40EBE2A5D3E7400896FF5 /* Debug */ = {
			isa = XCBuildConfiguration;
			buildSettings = {
				ASSETCATALOG_COMPILER_APPICON_NAME = AppIcon;
				ASSETCATALOG_COMPILER_GLOBAL_ACCENT_COLOR_NAME = AccentColor;
				CODE_SIGN_STYLE = Automatic;
				CURRENT_PROJECT_VERSION = 1;
				DEVELOPMENT_TEAM = 583985W8L5;
				GENERATE_INFOPLIST_FILE = YES;
				INFOPLIST_FILE = MyMovieChart/Info.plist;
				INFOPLIST_KEY_UIApplicationSupportsIndirectInputEvents = YES;
				INFOPLIST_KEY_UILaunchStoryboardName = LaunchScreen;
				INFOPLIST_KEY_UIMainStoryboardFile = Main;
				INFOPLIST_KEY_UISupportedInterfaceOrientations_iPad = "UIInterfaceOrientationPortrait UIInterfaceOrientationPortraitUpsideDown UIInterfaceOrientationLandscapeLeft UIInterfaceOrientationLandscapeRight";
				INFOPLIST_KEY_UISupportedInterfaceOrientations_iPhone = "UIInterfaceOrientationPortrait UIInterfaceOrientationLandscapeLeft UIInterfaceOrientationLandscapeRight";
				LD_RUNPATH_SEARCH_PATHS = (
					"$(inherited)",
					"@executable_path/Frameworks",
				);
				MARKETING_VERSION = 1.0;
				PRODUCT_BUNDLE_IDENTIFIER = com.keymaker.MyMovieChart;
				PRODUCT_NAME = "$(TARGET_NAME)";
				SWIFT_EMIT_LOC_STRINGS = YES;
				SWIFT_VERSION = 5.0;
				TARGETED_DEVICE_FAMILY = "1,2";
			};
			name = Debug;
		};
		ADA40EBF2A5D3E7400896FF5 /* Release */ = {
			isa = XCBuildConfiguration;
			buildSettings = {
				ASSETCATALOG_COMPILER_APPICON_NAME = AppIcon;
				ASSETCATALOG_COMPILER_GLOBAL_ACCENT_COLOR_NAME = AccentColor;
				CODE_SIGN_STYLE = Automatic;
				CURRENT_PROJECT_VERSION = 1;
				DEVELOPMENT_TEAM = 583985W8L5;
				GENERATE_INFOPLIST_FILE = YES;
				INFOPLIST_FILE = MyMovieChart/Info.plist;
				INFOPLIST_KEY_UIApplicationSupportsIndirectInputEvents = YES;
				INFOPLIST_KEY_UILaunchStoryboardName = LaunchScreen;
				INFOPLIST_KEY_UIMainStoryboardFile = Main;
				INFOPLIST_KEY_UISupportedInterfaceOrientations_iPad = "UIInterfaceOrientationPortrait UIInterfaceOrientationPortraitUpsideDown UIInterfaceOrientationLandscapeLeft UIInterfaceOrientationLandscapeRight";
				INFOPLIST_KEY_UISupportedInterfaceOrientations_iPhone = "UIInterfaceOrientationPortrait UIInterfaceOrientationLandscapeLeft UIInterfaceOrientationLandscapeRight";
				LD_RUNPATH_SEARCH_PATHS = (
					"$(inherited)",
					"@executable_path/Frameworks",
				);
				MARKETING_VERSION = 1.0;
				PRODUCT_BUNDLE_IDENTIFIER = com.keymaker.MyMovieChart;
				PRODUCT_NAME = "$(TARGET_NAME)";
				SWIFT_EMIT_LOC_STRINGS = YES;
				SWIFT_VERSION = 5.0;
				TARGETED_DEVICE_FAMILY = "1,2";
			};
			name = Release;
		};
/* End XCBuildConfiguration section */

/* Begin XCConfigurationList section */
		ADA40EA42A5D3E7300896FF5 /* Build configuration list for PBXProject "MyMovieChart" */ = {
			isa = XCConfigurationList;
			buildConfigurations = (
				ADA40EBB2A5D3E7400896FF5 /* Debug */,
				ADA40EBC2A5D3E7400896FF5 /* Release */,
			);
			defaultConfigurationIsVisible = 0;
			defaultConfigurationName = Release;
		};
		ADA40EBD2A5D3E7400896FF5 /* Build configuration list for PBXNativeTarget "MyMovieChart" */ = {
			isa = XCConfigurationList;
			buildConfigurations = (
				ADA40EBE2A5D3E7400896FF5 /* Debug */,
				ADA40EBF2A5D3E7400896FF5 /* Release */,
			);
			defaultConfigurationIsVisible = 0;
			defaultConfigurationName = Release;
		};
/* End XCConfigurationList section */
	};
	rootObject = ADA40EA12A5D3E7300896FF5 /* Project object */;
}
