// !$*UTF8*$!
{
	archiveVersion = 1;
	classes = {
	};
	objectVersion = 56;
	objects = {

/* Begin PBXBuildFile section */
		AD63FD8E2A64FD6700ECEF32 /* AppDelegate.swift in Sources */ = {isa = PBXBuildFile; fileRef = AD63FD8D2A64FD6700ECEF32 /* AppDelegate.swift */; };
		AD63FD902A64FD6700ECEF32 /* SceneDelegate.swift in Sources */ = {isa = PBXBuildFile; fileRef = AD63FD8F2A64FD6700ECEF32 /* SceneDelegate.swift */; };
		AD63FD922A64FD6700ECEF32 /* ListViewController.swift in Sources */ = {isa = PBXBuildFile; fileRef = AD63FD912A64FD6700ECEF32 /* ListViewController.swift */; };
		AD63FD952A64FD6700ECEF32 /* Main.storyboard in Resources */ = {isa = PBXBuildFile; fileRef = AD63FD932A64FD6700ECEF32 /* Main.storyboard */; };
		AD63FD972A64FD6800ECEF32 /* Assets.xcassets in Resources */ = {isa = PBXBuildFile; fileRef = AD63FD962A64FD6800ECEF32 /* Assets.xcassets */; };
		AD63FD9A2A64FD6800ECEF32 /* LaunchScreen.storyboard in Resources */ = {isa = PBXBuildFile; fileRef = AD63FD982A64FD6800ECEF32 /* LaunchScreen.storyboard */; };
		AD63FDA22A64FEFC00ECEF32 /* MovieVO.swift in Sources */ = {isa = PBXBuildFile; fileRef = AD63FDA12A64FEFC00ECEF32 /* MovieVO.swift */; };
		AD63FDA42A64FF0600ECEF32 /* MovieCell.swift in Sources */ = {isa = PBXBuildFile; fileRef = AD63FDA32A64FF0600ECEF32 /* MovieCell.swift */; };
		AD63FDA62A65019400ECEF32 /* DetailViewController.swift in Sources */ = {isa = PBXBuildFile; fileRef = AD63FDA52A65019400ECEF32 /* DetailViewController.swift */; };
/* End PBXBuildFile section */

/* Begin PBXFileReference section */
		AD63FD8A2A64FD6700ECEF32 /* MyMovieWebView.app */ = {isa = PBXFileReference; explicitFileType = wrapper.application; includeInIndex = 0; path = MyMovieWebView.app; sourceTree = BUILT_PRODUCTS_DIR; };
		AD63FD8D2A64FD6700ECEF32 /* AppDelegate.swift */ = {isa = PBXFileReference; lastKnownFileType = sourcecode.swift; path = AppDelegate.swift; sourceTree = "<group>"; };
		AD63FD8F2A64FD6700ECEF32 /* SceneDelegate.swift */ = {isa = PBXFileReference; lastKnownFileType = sourcecode.swift; path = SceneDelegate.swift; sourceTree = "<group>"; };
		AD63FD912A64FD6700ECEF32 /* ListViewController.swift */ = {isa = PBXFileReference; lastKnownFileType = sourcecode.swift; path = ListViewController.swift; sourceTree = "<group>"; };
		AD63FD942A64FD6700ECEF32 /* Base */ = {isa = PBXFileReference; lastKnownFileType = file.storyboard; name = Base; path = Base.lproj/Main.storyboard; sourceTree = "<group>"; };
		AD63FD962A64FD6800ECEF32 /* Assets.xcassets */ = {isa = PBXFileReference; lastKnownFileType = folder.assetcatalog; path = Assets.xcassets; sourceTree = "<group>"; };
		AD63FD992A64FD6800ECEF32 /* Base */ = {isa = PBXFileReference; lastKnownFileType = file.storyboard; name = Base; path = Base.lproj/LaunchScreen.storyboard; sourceTree = "<group>"; };
		AD63FD9B2A64FD6800ECEF32 /* Info.plist */ = {isa = PBXFileReference; lastKnownFileType = text.plist.xml; path = Info.plist; sourceTree = "<group>"; };
		AD63FDA12A64FEFC00ECEF32 /* MovieVO.swift */ = {isa = PBXFileReference; lastKnownFileType = sourcecode.swift; path = MovieVO.swift; sourceTree = "<group>"; };
		AD63FDA32A64FF0600ECEF32 /* MovieCell.swift */ = {isa = PBXFileReference; lastKnownFileType = sourcecode.swift; path = MovieCell.swift; sourceTree = "<group>"; };
		AD63FDA52A65019400ECEF32 /* DetailViewController.swift */ = {isa = PBXFileReference; lastKnownFileType = sourcecode.swift; path = DetailViewController.swift; sourceTree = "<group>"; };
/* End PBXFileReference section */

/* Begin PBXFrameworksBuildPhase section */
		AD63FD872A64FD6700ECEF32 /* Frameworks */ = {
			isa = PBXFrameworksBuildPhase;
			buildActionMask = 2147483647;
			files = (
			);
			runOnlyForDeploymentPostprocessing = 0;
		};
/* End PBXFrameworksBuildPhase section */

/* Begin PBXGroup section */
		AD63FD812A64FD6700ECEF32 = {
			isa = PBXGroup;
			children = (
				AD63FD8C2A64FD6700ECEF32 /* MyMovieWebView */,
				AD63FD8B2A64FD6700ECEF32 /* Products */,
			);
			sourceTree = "<group>";
		};
		AD63FD8B2A64FD6700ECEF32 /* Products */ = {
			isa = PBXGroup;
			children = (
				AD63FD8A2A64FD6700ECEF32 /* MyMovieWebView.app */,
			);
			name = Products;
			sourceTree = "<group>";
		};
		AD63FD8C2A64FD6700ECEF32 /* MyMovieWebView */ = {
			isa = PBXGroup;
			children = (
				AD63FD8D2A64FD6700ECEF32 /* AppDelegate.swift */,
				AD63FD8F2A64FD6700ECEF32 /* SceneDelegate.swift */,
				AD63FD912A64FD6700ECEF32 /* ListViewController.swift */,
				AD63FDA12A64FEFC00ECEF32 /* MovieVO.swift */,
				AD63FDA32A64FF0600ECEF32 /* MovieCell.swift */,
				AD63FD932A64FD6700ECEF32 /* Main.storyboard */,
				AD63FDA52A65019400ECEF32 /* DetailViewController.swift */,
				AD63FD962A64FD6800ECEF32 /* Assets.xcassets */,
				AD63FD982A64FD6800ECEF32 /* LaunchScreen.storyboard */,
				AD63FD9B2A64FD6800ECEF32 /* Info.plist */,
			);
			path = MyMovieWebView;
			sourceTree = "<group>";
		};
/* End PBXGroup section */

/* Begin PBXNativeTarget section */
		AD63FD892A64FD6700ECEF32 /* MyMovieWebView */ = {
			isa = PBXNativeTarget;
			buildConfigurationList = AD63FD9E2A64FD6800ECEF32 /* Build configuration list for PBXNativeTarget "MyMovieWebView" */;
			buildPhases = (
				AD63FD862A64FD6700ECEF32 /* Sources */,
				AD63FD872A64FD6700ECEF32 /* Frameworks */,
				AD63FD882A64FD6700ECEF32 /* Resources */,
			);
			buildRules = (
			);
			dependencies = (
			);
			name = MyMovieWebView;
			productName = MyMovieWebView;
			productReference = AD63FD8A2A64FD6700ECEF32 /* MyMovieWebView.app */;
			productType = "com.apple.product-type.application";
		};
/* End PBXNativeTarget section */

/* Begin PBXProject section */
		AD63FD822A64FD6700ECEF32 /* Project object */ = {
			isa = PBXProject;
			attributes = {
				BuildIndependentTargetsInParallel = 1;
				LastSwiftUpdateCheck = 1430;
				LastUpgradeCheck = 1430;
				TargetAttributes = {
					AD63FD892A64FD6700ECEF32 = {
						CreatedOnToolsVersion = 14.3.1;
					};
				};
			};
			buildConfigurationList = AD63FD852A64FD6700ECEF32 /* Build configuration list for PBXProject "MyMovieWebView" */;
			compatibilityVersion = "Xcode 14.0";
			developmentRegion = en;
			hasScannedForEncodings = 0;
			knownRegions = (
				en,
				Base,
			);
			mainGroup = AD63FD812A64FD6700ECEF32;
			productRefGroup = AD63FD8B2A64FD6700ECEF32 /* Products */;
			projectDirPath = "";
			projectRoot = "";
			targets = (
				AD63FD892A64FD6700ECEF32 /* MyMovieWebView */,
			);
		};
/* End PBXProject section */

/* Begin PBXResourcesBuildPhase section */
		AD63FD882A64FD6700ECEF32 /* Resources */ = {
			isa = PBXResourcesBuildPhase;
			buildActionMask = 2147483647;
			files = (
				AD63FD9A2A64FD6800ECEF32 /* LaunchScreen.storyboard in Resources */,
				AD63FD972A64FD6800ECEF32 /* Assets.xcassets in Resources */,
				AD63FD952A64FD6700ECEF32 /* Main.storyboard in Resources */,
			);
			runOnlyForDeploymentPostprocessing = 0;
		};
/* End PBXResourcesBuildPhase section */

/* Begin PBXSourcesBuildPhase section */
		AD63FD862A64FD6700ECEF32 /* Sources */ = {
			isa = PBXSourcesBuildPhase;
			buildActionMask = 2147483647;
			files = (
				AD63FD922A64FD6700ECEF32 /* ListViewController.swift in Sources */,
				AD63FDA22A64FEFC00ECEF32 /* MovieVO.swift in Sources */,
				AD63FD8E2A64FD6700ECEF32 /* AppDelegate.swift in Sources */,
				AD63FDA62A65019400ECEF32 /* DetailViewController.swift in Sources */,
				AD63FDA42A64FF0600ECEF32 /* MovieCell.swift in Sources */,
				AD63FD902A64FD6700ECEF32 /* SceneDelegate.swift in Sources */,
			);
			runOnlyForDeploymentPostprocessing = 0;
		};
/* End PBXSourcesBuildPhase section */

/* Begin PBXVariantGroup section */
		AD63FD932A64FD6700ECEF32 /* Main.storyboard */ = {
			isa = PBXVariantGroup;
			children = (
				AD63FD942A64FD6700ECEF32 /* Base */,
			);
			name = Main.storyboard;
			sourceTree = "<group>";
		};
		AD63FD982A64FD6800ECEF32 /* LaunchScreen.storyboard */ = {
			isa = PBXVariantGroup;
			children = (
				AD63FD992A64FD6800ECEF32 /* Base */,
			);
			name = LaunchScreen.storyboard;
			sourceTree = "<group>";
		};
/* End PBXVariantGroup section */

/* Begin XCBuildConfiguration section */
		AD63FD9C2A64FD6800ECEF32 /* Debug */ = {
			isa = XCBuildConfiguration;
			buildSettings = {
				ALWAYS_SEARCH_USER_PATHS = NO;
				CLANG_ANALYZER_NONNULL = YES;
				CLANG_ANALYZER_NUMBER_OBJECT_CONVERSION = YES_AGGRESSIVE;
				CLANG_CXX_LANGUAGE_STANDARD = "gnu++20";
				CLANG_ENABLE_MODULES = YES;
				CLANG_ENABLE_OBJC_ARC = YES;
				CLANG_ENABLE_OBJC_WEAK = YES;
				CLANG_WARN_BLOCK_CAPTURE_AUTORELEASING = YES;
				CLANG_WARN_BOOL_CONVERSION = YES;
				CLANG_WARN_COMMA = YES;
				CLANG_WARN_CONSTANT_CONVERSION = YES;
				CLANG_WARN_DEPRECATED_OBJC_IMPLEMENTATIONS = YES;
				CLANG_WARN_DIRECT_OBJC_ISA_USAGE = YES_ERROR;
				CLANG_WARN_DOCUMENTATION_COMMENTS = YES;
				CLANG_WARN_EMPTY_BODY = YES;
				CLANG_WARN_ENUM_CONVERSION = YES;
				CLANG_WARN_INFINITE_RECURSION = YES;
				CLANG_WARN_INT_CONVERSION = YES;
				CLANG_WARN_NON_LITERAL_NULL_CONVERSION = YES;
				CLANG_WARN_OBJC_IMPLICIT_RETAIN_SELF = YES;
				CLANG_WARN_OBJC_LITERAL_CONVERSION = YES;
				CLANG_WARN_OBJC_ROOT_CLASS = YES_ERROR;
				CLANG_WARN_QUOTED_INCLUDE_IN_FRAMEWORK_HEADER = YES;
				CLANG_WARN_RANGE_LOOP_ANALYSIS = YES;
				CLANG_WARN_STRICT_PROTOTYPES = YES;
				CLANG_WARN_SUSPICIOUS_MOVE = YES;
				CLANG_WARN_UNGUARDED_AVAILABILITY = YES_AGGRESSIVE;
				CLANG_WARN_UNREACHABLE_CODE = YES;
				CLANG_WARN__DUPLICATE_METHOD_MATCH = YES;
				COPY_PHASE_STRIP = NO;
				DEBUG_INFORMATION_FORMAT = dwarf;
				ENABLE_STRICT_OBJC_MSGSEND = YES;
				ENABLE_TESTABILITY = YES;
				GCC_C_LANGUAGE_STANDARD = gnu11;
				GCC_DYNAMIC_NO_PIC = NO;
				GCC_NO_COMMON_BLOCKS = YES;
				GCC_OPTIMIZATION_LEVEL = 0;
				GCC_PREPROCESSOR_DEFINITIONS = (
					"DEBUG=1",
					"$(inherited)",
				);
				GCC_WARN_64_TO_32_BIT_CONVERSION = YES;
				GCC_WARN_ABOUT_RETURN_TYPE = YES_ERROR;
				GCC_WARN_UNDECLARED_SELECTOR = YES;
				GCC_WARN_UNINITIALIZED_AUTOS = YES_AGGRESSIVE;
				GCC_WARN_UNUSED_FUNCTION = YES;
				GCC_WARN_UNUSED_VARIABLE = YES;
				IPHONEOS_DEPLOYMENT_TARGET = 16.4;
				MTL_ENABLE_DEBUG_INFO = INCLUDE_SOURCE;
				MTL_FAST_MATH = YES;
				ONLY_ACTIVE_ARCH = YES;
				SDKROOT = iphoneos;
				SWIFT_ACTIVE_COMPILATION_CONDITIONS = DEBUG;
				SWIFT_OPTIMIZATION_LEVEL = "-Onone";
			};
			name = Debug;
		};
		AD63FD9D2A64FD6800ECEF32 /* Release */ = {
			isa = XCBuildConfiguration;
			buildSettings = {
				ALWAYS_SEARCH_USER_PATHS = NO;
				CLANG_ANALYZER_NONNULL = YES;
				CLANG_ANALYZER_NUMBER_OBJECT_CONVERSION = YES_AGGRESSIVE;
				CLANG_CXX_LANGUAGE_STANDARD = "gnu++20";
				CLANG_ENABLE_MODULES = YES;
				CLANG_ENABLE_OBJC_ARC = YES;
				CLANG_ENABLE_OBJC_WEAK = YES;
				CLANG_WARN_BLOCK_CAPTURE_AUTORELEASING = YES;
				CLANG_WARN_BOOL_CONVERSION = YES;
				CLANG_WARN_COMMA = YES;
				CLANG_WARN_CONSTANT_CONVERSION = YES;
				CLANG_WARN_DEPRECATED_OBJC_IMPLEMENTATIONS = YES;
				CLANG_WARN_DIRECT_OBJC_ISA_USAGE = YES_ERROR;
				CLANG_WARN_DOCUMENTATION_COMMENTS = YES;
				CLANG_WARN_EMPTY_BODY = YES;
				CLANG_WARN_ENUM_CONVERSION = YES;
				CLANG_WARN_INFINITE_RECURSION = YES;
				CLANG_WARN_INT_CONVERSION = YES;
				CLANG_WARN_NON_LITERAL_NULL_CONVERSION = YES;
				CLANG_WARN_OBJC_IMPLICIT_RETAIN_SELF = YES;
				CLANG_WARN_OBJC_LITERAL_CONVERSION = YES;
				CLANG_WARN_OBJC_ROOT_CLASS = YES_ERROR;
				CLANG_WARN_QUOTED_INCLUDE_IN_FRAMEWORK_HEADER = YES;
				CLANG_WARN_RANGE_LOOP_ANALYSIS = YES;
				CLANG_WARN_STRICT_PROTOTYPES = YES;
				CLANG_WARN_SUSPICIOUS_MOVE = YES;
				CLANG_WARN_UNGUARDED_AVAILABILITY = YES_AGGRESSIVE;
				CLANG_WARN_UNREACHABLE_CODE = YES;
				CLANG_WARN__DUPLICATE_METHOD_MATCH = YES;
				COPY_PHASE_STRIP = NO;
				DEBUG_INFORMATION_FORMAT = "dwarf-with-dsym";
				ENABLE_NS_ASSERTIONS = NO;
				ENABLE_STRICT_OBJC_MSGSEND = YES;
				GCC_C_LANGUAGE_STANDARD = gnu11;
				GCC_NO_COMMON_BLOCKS = YES;
				GCC_WARN_64_TO_32_BIT_CONVERSION = YES;
				GCC_WARN_ABOUT_RETURN_TYPE = YES_ERROR;
				GCC_WARN_UNDECLARED_SELECTOR = YES;
				GCC_WARN_UNINITIALIZED_AUTOS = YES_AGGRESSIVE;
				GCC_WARN_UNUSED_FUNCTION = YES;
				GCC_WARN_UNUSED_VARIABLE = YES;
				IPHONEOS_DEPLOYMENT_TARGET = 16.4;
				MTL_ENABLE_DEBUG_INFO = NO;
				MTL_FAST_MATH = YES;
				SDKROOT = iphoneos;
				SWIFT_COMPILATION_MODE = wholemodule;
				SWIFT_OPTIMIZATION_LEVEL = "-O";
				VALIDATE_PRODUCT = YES;
			};
			name = Release;
		};
		AD63FD9F2A64FD6800ECEF32 /* Debug */ = {
			isa = XCBuildConfiguration;
			buildSettings = {
				ASSETCATALOG_COMPILER_APPICON_NAME = AppIcon;
				ASSETCATALOG_COMPILER_GLOBAL_ACCENT_COLOR_NAME = AccentColor;
				CODE_SIGN_STYLE = Automatic;
				CURRENT_PROJECT_VERSION = 1;
				DEVELOPMENT_TEAM = 583985W8L5;
				GENERATE_INFOPLIST_FILE = YES;
				INFOPLIST_FILE = MyMovieWebView/Info.plist;
				INFOPLIST_KEY_UIApplicationSupportsIndirectInputEvents = YES;
				INFOPLIST_KEY_UILaunchStoryboardName = LaunchScreen;
				INFOPLIST_KEY_UIMainStoryboardFile = Main;
				INFOPLIST_KEY_UISupportedInterfaceOrientations_iPad = "UIInterfaceOrientationPortrait UIInterfaceOrientationPortraitUpsideDown UIInterfaceOrientationLandscapeLeft UIInterfaceOrientationLandscapeRight";
				INFOPLIST_KEY_UISupportedInterfaceOrientations_iPhone = "UIInterfaceOrientationPortrait UIInterfaceOrientationLandscapeLeft UIInterfaceOrientationLandscapeRight";
				LD_RUNPATH_SEARCH_PATHS = (
					"$(inherited)",
					"@executable_path/Frameworks",
				);
				MARKETING_VERSION = 1.0;
				PRODUCT_BUNDLE_IDENTIFIER = com.keymaker.MyMovieWebView;
				PRODUCT_NAME = "$(TARGET_NAME)";
				SWIFT_EMIT_LOC_STRINGS = YES;
				SWIFT_VERSION = 5.0;
				TARGETED_DEVICE_FAMILY = "1,2";
			};
			name = Debug;
		};
		AD63FDA02A64FD6800ECEF32 /* Release */ = {
			isa = XCBuildConfiguration;
			buildSettings = {
				ASSETCATALOG_COMPILER_APPICON_NAME = AppIcon;
				ASSETCATALOG_COMPILER_GLOBAL_ACCENT_COLOR_NAME = AccentColor;
				CODE_SIGN_STYLE = Automatic;
				CURRENT_PROJECT_VERSION = 1;
				DEVELOPMENT_TEAM = 583985W8L5;
				GENERATE_INFOPLIST_FILE = YES;
				INFOPLIST_FILE = MyMovieWebView/Info.plist;
				INFOPLIST_KEY_UIApplicationSupportsIndirectInputEvents = YES;
				INFOPLIST_KEY_UILaunchStoryboardName = LaunchScreen;
				INFOPLIST_KEY_UIMainStoryboardFile = Main;
				INFOPLIST_KEY_UISupportedInterfaceOrientations_iPad = "UIInterfaceOrientationPortrait UIInterfaceOrientationPortraitUpsideDown UIInterfaceOrientationLandscapeLeft UIInterfaceOrientationLandscapeRight";
				INFOPLIST_KEY_UISupportedInterfaceOrientations_iPhone = "UIInterfaceOrientationPortrait UIInterfaceOrientationLandscapeLeft UIInterfaceOrientationLandscapeRight";
				LD_RUNPATH_SEARCH_PATHS = (
					"$(inherited)",
					"@executable_path/Frameworks",
				);
				MARKETING_VERSION = 1.0;
				PRODUCT_BUNDLE_IDENTIFIER = com.keymaker.MyMovieWebView;
				PRODUCT_NAME = "$(TARGET_NAME)";
				SWIFT_EMIT_LOC_STRINGS = YES;
				SWIFT_VERSION = 5.0;
				TARGETED_DEVICE_FAMILY = "1,2";
			};
			name = Release;
		};
/* End XCBuildConfiguration section */

/* Begin XCConfigurationList section */
		AD63FD852A64FD6700ECEF32 /* Build configuration list for PBXProject "MyMovieWebView" */ = {
			isa = XCConfigurationList;
			buildConfigurations = (
				AD63FD9C2A64FD6800ECEF32 /* Debug */,
				AD63FD9D2A64FD6800ECEF32 /* Release */,
			);
			defaultConfigurationIsVisible = 0;
			defaultConfigurationName = Release;
		};
		AD63FD9E2A64FD6800ECEF32 /* Build configuration list for PBXNativeTarget "MyMovieWebView" */ = {
			isa = XCConfigurationList;
			buildConfigurations = (
				AD63FD9F2A64FD6800ECEF32 /* Debug */,
				AD63FDA02A64FD6800ECEF32 /* Release */,
			);
			defaultConfigurationIsVisible = 0;
			defaultConfigurationName = Release;
		};
/* End XCConfigurationList section */
	};
	rootObject = AD63FD822A64FD6700ECEF32 /* Project object */;
}
